
Microsoft Visual Studio Solution File, Format Version 12.00
# Visual Studio 15
VisualStudioVersion = 15.0.26124.0
MinimumVisualStudioVersion = 15.0.26124.0
Project("{FAE04EC0-301F-11D3-BF4B-00C04F79EFBC}") = "Integracao.Domain", "Integracao.Domain\Integracao.Domain.csproj", "{EEA61477-3579-4D21-A4CA-1F9AC16D2324}"
EndProject
Project("{FAE04EC0-301F-11D3-BF4B-00C04F79EFBC}") = "Integracao.Domain.Shared", "Integracao.Domain.Shared\Integracao.Domain.Shared.csproj", "{5B233777-312B-46CF-B77D-BCCB82FFA674}"
EndProject
Project("{FAE04EC0-301F-11D3-BF4B-00C04F79EFBC}") = "Integracao.Domain.Test", "Integracao.Domain.Test\Integracao.Domain.Test.csproj", "{39FEE552-B2BF-4221-A231-43D1840A97D7}"
EndProject
Global
	GlobalSection(SolutionConfigurationPlatforms) = preSolution
		Debug|Any CPU = Debug|Any CPU
		Debug|x64 = Debug|x64
		Debug|x86 = Debug|x86
		Release|Any CPU = Release|Any CPU
		Release|x64 = Release|x64
		Release|x86 = Release|x86
	EndGlobalSection
	GlobalSection(SolutionProperties) = preSolution
		HideSolutionNode = FALSE
	EndGlobalSection
	GlobalSection(ProjectConfigurationPlatforms) = postSolution
		{EEA61477-3579-4D21-A4CA-1F9AC16D2324}.Debug|Any CPU.ActiveCfg = Debug|Any CPU
		{EEA61477-3579-4D21-A4CA-1F9AC16D2324}.Debug|Any CPU.Build.0 = Debug|Any CPU
		{EEA61477-3579-4D21-A4CA-1F9AC16D2324}.Debug|x64.ActiveCfg = Debug|x64
		{EEA61477-3579-4D21-A4CA-1F9AC16D2324}.Debug|x64.Build.0 = Debug|x64
		{EEA61477-3579-4D21-A4CA-1F9AC16D2324}.Debug|x86.ActiveCfg = Debug|x86
		{EEA61477-3579-4D21-A4CA-1F9AC16D2324}.Debug|x86.Build.0 = Debug|x86
		{EEA61477-3579-4D21-A4CA-1F9AC16D2324}.Release|Any CPU.ActiveCfg = Release|Any CPU
		{EEA61477-3579-4D21-A4CA-1F9AC16D2324}.Release|Any CPU.Build.0 = Release|Any CPU
		{EEA61477-3579-4D21-A4CA-1F9AC16D2324}.Release|x64.ActiveCfg = Release|x64
		{EEA61477-3579-4D21-A4CA-1F9AC16D2324}.Release|x64.Build.0 = Release|x64
		{EEA61477-3579-4D21-A4CA-1F9AC16D2324}.Release|x86.ActiveCfg = Release|x86
		{EEA61477-3579-4D21-A4CA-1F9AC16D2324}.Release|x86.Build.0 = Release|x86
		{5B233777-312B-46CF-B77D-BCCB82FFA674}.Debug|Any CPU.ActiveCfg = Debug|Any CPU
		{5B233777-312B-46CF-B77D-BCCB82FFA674}.Debug|Any CPU.Build.0 = Debug|Any CPU
		{5B233777-312B-46CF-B77D-BCCB82FFA674}.Debug|x64.ActiveCfg = Debug|x64
		{5B233777-312B-46CF-B77D-BCCB82FFA674}.Debug|x64.Build.0 = Debug|x64
		{5B233777-312B-46CF-B77D-BCCB82FFA674}.Debug|x86.ActiveCfg = Debug|x86
		{5B233777-312B-46CF-B77D-BCCB82FFA674}.Debug|x86.Build.0 = Debug|x86
		{5B233777-312B-46CF-B77D-BCCB82FFA674}.Release|Any CPU.ActiveCfg = Release|Any CPU
		{5B233777-312B-46CF-B77D-BCCB82FFA674}.Release|Any CPU.Build.0 = Release|Any CPU
		{5B233777-312B-46CF-B77D-BCCB82FFA674}.Release|x64.ActiveCfg = Release|x64
		{5B233777-312B-46CF-B77D-BCCB82FFA674}.Release|x64.Build.0 = Release|x64
		{5B233777-312B-46CF-B77D-BCCB82FFA674}.Release|x86.ActiveCfg = Release|x86
		{5B233777-312B-46CF-B77D-BCCB82FFA674}.Release|x86.Build.0 = Release|x86
		{39FEE552-B2BF-4221-A231-43D1840A97D7}.Debug|Any CPU.ActiveCfg = Debug|Any CPU
		{39FEE552-B2BF-4221-A231-43D1840A97D7}.Debug|Any CPU.Build.0 = Debug|Any CPU
		{39FEE552-B2BF-4221-A231-43D1840A97D7}.Debug|x64.ActiveCfg = Debug|x64
		{39FEE552-B2BF-4221-A231-43D1840A97D7}.Debug|x64.Build.0 = Debug|x64
		{39FEE552-B2BF-4221-A231-43D1840A97D7}.Debug|x86.ActiveCfg = Debug|x86
		{39FEE552-B2BF-4221-A231-43D1840A97D7}.Debug|x86.Build.0 = Debug|x86
		{39FEE552-B2BF-4221-A231-43D1840A97D7}.Release|Any CPU.ActiveCfg = Release|Any CPU
		{39FEE552-B2BF-4221-A231-43D1840A97D7}.Release|Any CPU.Build.0 = Release|Any CPU
		{39FEE552-B2BF-4221-A231-43D1840A97D7}.Release|x64.ActiveCfg = Release|x64
		{39FEE552-B2BF-4221-A231-43D1840A97D7}.Release|x64.Build.0 = Release|x64
		{39FEE552-B2BF-4221-A231-43D1840A97D7}.Release|x86.ActiveCfg = Release|x86
		{39FEE552-B2BF-4221-A231-43D1840A97D7}.Release|x86.Build.0 = Release|x86
	EndGlobalSection
EndGlobal
